PODS:
  - Alamofire (4.8.2)
  - Charts (3.3.0):
    - Charts/Core (= 3.3.0)
  - Charts/Core (3.3.0)
  - JWTDecode (2.3.0)
  - SVProgressHUD (2.2.5)
  - SwiftyJSON (5.0.0)
  - ValidationComponents (0.3.0):
    - ValidationToolkit (~> 0.4.1)
  - ValidationToolkit (0.4.1)

DEPENDENCIES:
  - Alamofire
  - Charts
  - JWTDecode (~> 2.3)
  - SVProgressHUD
  - SwiftyJSON
  - ValidationComponents

SPEC REPOS:
  https://github.com/cocoapods/specs.git:
    - Alamofire
    - Charts
    - JWTDecode
    - SVProgressHUD
    - SwiftyJSON
    - ValidationComponents
    - ValidationToolkit

SPEC CHECKSUMS:
  Alamofire: ae5c501addb7afdbb13687d7f2f722c78734c2d3
  Charts: e0dd4cd8f257bccf98407b58183ddca8e8d5b578
  JWTDecode: fb77675c8049c1a7e9433c7cf448c3ce33ee4ac7
  SVProgressHUD: 1428aafac632c1f86f62aa4243ec12008d7a51d6
  SwiftyJSON: 36413e04c44ee145039d332b4f4e2d3e8d6c4db7
  ValidationComponents: fad1f9e9d7fbf3e10c893c880ef9d27627e90382
  ValidationToolkit: ce8e9c1a5d49eddc3266a009d46df5ea22042dbc

PODFILE CHECKSUM: 332816bc21884306fd511b9d05e2105f559990a6

COCOAPODS: 1.7.2
