PODS:
  - Alamofire (4.9.1)
  - Charts (3.4.0):
    - Charts/Core (= 3.4.0)
  - Charts/Core (3.4.0)
  - JWTDecode (2.4.0)
  - SDWebImage (5.3.2):
    - SDWebImage/Core (= 5.3.2)
  - SDWebImage/Core (5.3.2)
  - SVProgressHUD (2.2.5)
  - SwiftyJSON (5.0.0)
  - ValidationComponents (0.3.0):
    - ValidationToolkit (~> 0.4.1)
  - ValidationToolkit (0.4.1)

DEPENDENCIES:
  - Alamofire
  - Charts
  - JWTDecode (~> 2.3)
  - SDWebImage
  - SVProgressHUD
  - SwiftyJSON
  - ValidationComponents

SPEC REPOS:
  https://github.com/cocoapods/specs.git:
    - Alamofire
    - Charts
    - JWTDecode
    - SDWebImage
    - SVProgressHUD
    - SwiftyJSON
    - ValidationComponents
    - ValidationToolkit

SPEC CHECKSUMS:
  Alamofire: 85e8a02c69d6020a0d734f6054870d7ecb75cf18
  Charts: 74c9f256eaf0460c0c416522d1cf8c634ea6b286
  JWTDecode: 0930fb517c27bac2daef7cabc13577b18fdee0da
  SDWebImage: 6ac2eb96571bff96ecde31a987172c5934a0eb7d
  SVProgressHUD: 1428aafac632c1f86f62aa4243ec12008d7a51d6
  SwiftyJSON: 36413e04c44ee145039d332b4f4e2d3e8d6c4db7
  ValidationComponents: fad1f9e9d7fbf3e10c893c880ef9d27627e90382
  ValidationToolkit: ce8e9c1a5d49eddc3266a009d46df5ea22042dbc

PODFILE CHECKSUM: 6c395b6c0e649c53973054d20316521be80f0b55

COCOAPODS: 1.7.2
